// !$*UTF8*$!
{
	archiveVersion = 1;
	classes = {
	};
	objectVersion = 50;
	objects = {

/* Begin PBXBuildFile section */
		111EBCF02292FED500FBB925 /* NetworkManager.swift in Sources */ = {isa = PBXBuildFile; fileRef = 111EBCEF2292FED500FBB925 /* NetworkManager.swift */; };
		111EBCF2229319EF00FBB925 /* SuccessType.swift in Sources */ = {isa = PBXBuildFile; fileRef = 111EBCF1229319EF00FBB925 /* SuccessType.swift */; };
		111EBCF52293459200FBB925 /* Accounting.swift in Sources */ = {isa = PBXBuildFile; fileRef = 111EBCF42293459200FBB925 /* Accounting.swift */; };
		1122D223228EE22900CE2D84 /* ItemsViewController.swift in Sources */ = {isa = PBXBuildFile; fileRef = 1122D222228EE22900CE2D84 /* ItemsViewController.swift */; };
		1122D225228EE23900CE2D84 /* ItemDetailsViewController.swift in Sources */ = {isa = PBXBuildFile; fileRef = 1122D224228EE23900CE2D84 /* ItemDetailsViewController.swift */; };
		1122D227228EE24B00CE2D84 /* EmployeesViewController.swift in Sources */ = {isa = PBXBuildFile; fileRef = 1122D226228EE24B00CE2D84 /* EmployeesViewController.swift */; };
		1122D229228EE25900CE2D84 /* EmployeeDetailsViewController.swift in Sources */ = {isa = PBXBuildFile; fileRef = 1122D228228EE25900CE2D84 /* EmployeeDetailsViewController.swift */; };
		1122D22B228EE26500CE2D84 /* ExpensesViewController.swift in Sources */ = {isa = PBXBuildFile; fileRef = 1122D22A228EE26500CE2D84 /* ExpensesViewController.swift */; };
		1122D22D228EE26F00CE2D84 /* IncomeViewController.swift in Sources */ = {isa = PBXBuildFile; fileRef = 1122D22C228EE26F00CE2D84 /* IncomeViewController.swift */; };
		1122D22F228EE28300CE2D84 /* ProfitViewController.swift in Sources */ = {isa = PBXBuildFile; fileRef = 1122D22E228EE28300CE2D84 /* ProfitViewController.swift */; };
		1122D231228EE29E00CE2D84 /* AddItemViewController.swift in Sources */ = {isa = PBXBuildFile; fileRef = 1122D230228EE29E00CE2D84 /* AddItemViewController.swift */; };
		1122D233228EE2AA00CE2D84 /* AddEmployeeViewController.swift in Sources */ = {isa = PBXBuildFile; fileRef = 1122D232228EE2AA00CE2D84 /* AddEmployeeViewController.swift */; };
		1122D237228EEFD000CE2D84 /* Item.swift in Sources */ = {isa = PBXBuildFile; fileRef = 1122D236228EEFD000CE2D84 /* Item.swift */; };
		1122D239228EF00400CE2D84 /* ItemType.swift in Sources */ = {isa = PBXBuildFile; fileRef = 1122D238228EF00400CE2D84 /* ItemType.swift */; };
		1122D23B228EF4F500CE2D84 /* ColorType.swift in Sources */ = {isa = PBXBuildFile; fileRef = 1122D23A228EF4F500CE2D84 /* ColorType.swift */; };
		1122D23D228EF84800CE2D84 /* Employee.swift in Sources */ = {isa = PBXBuildFile; fileRef = 1122D23C228EF84800CE2D84 /* Employee.swift */; };
		1122D23F228EF8C900CE2D84 /* ExperienceType.swift in Sources */ = {isa = PBXBuildFile; fileRef = 1122D23E228EF8C900CE2D84 /* ExperienceType.swift */; };
		11921FBD228D8346005503F6 /* AppDelegate.swift in Sources */ = {isa = PBXBuildFile; fileRef = 11921FBC228D8346005503F6 /* AppDelegate.swift */; };
		11921FC4228D8346005503F6 /* Main.storyboard in Resources */ = {isa = PBXBuildFile; fileRef = 11921FC2228D8346005503F6 /* Main.storyboard */; };
		11921FC6228D8349005503F6 /* Assets.xcassets in Resources */ = {isa = PBXBuildFile; fileRef = 11921FC5228D8349005503F6 /* Assets.xcassets */; };
		11921FC9228D8349005503F6 /* LaunchScreen.storyboard in Resources */ = {isa = PBXBuildFile; fileRef = 11921FC7228D8349005503F6 /* LaunchScreen.storyboard */; };
		11C43E5022943B990041553E /* Extensions.swift in Sources */ = {isa = PBXBuildFile; fileRef = 11C43E4F22943B990041553E /* Extensions.swift */; };
		11C43E662296C4E20041553E /* AccountingViewController.swift in Sources */ = {isa = PBXBuildFile; fileRef = 11C43E652296C4E20041553E /* AccountingViewController.swift */; };
/* End PBXBuildFile section */

/* Begin PBXFileReference section */
		111EBCEF2292FED500FBB925 /* NetworkManager.swift */ = {isa = PBXFileReference; lastKnownFileType = sourcecode.swift; path = NetworkManager.swift; sourceTree = "<group>"; };
		111EBCF1229319EF00FBB925 /* SuccessType.swift */ = {isa = PBXFileReference; lastKnownFileType = sourcecode.swift; path = SuccessType.swift; sourceTree = "<group>"; };
		111EBCF42293459200FBB925 /* Accounting.swift */ = {isa = PBXFileReference; lastKnownFileType = sourcecode.swift; path = Accounting.swift; sourceTree = "<group>"; };
		1122D222228EE22900CE2D84 /* ItemsViewController.swift */ = {isa = PBXFileReference; lastKnownFileType = sourcecode.swift; path = ItemsViewController.swift; sourceTree = "<group>"; };
		1122D224228EE23900CE2D84 /* ItemDetailsViewController.swift */ = {isa = PBXFileReference; lastKnownFileType = sourcecode.swift; path = ItemDetailsViewController.swift; sourceTree = "<group>"; };
		1122D226228EE24B00CE2D84 /* EmployeesViewController.swift */ = {isa = PBXFileReference; lastKnownFileType = sourcecode.swift; path = EmployeesViewController.swift; sourceTree = "<group>"; };
		1122D228228EE25900CE2D84 /* EmployeeDetailsViewController.swift */ = {isa = PBXFileReference; lastKnownFileType = sourcecode.swift; path = EmployeeDetailsViewController.swift; sourceTree = "<group>"; };
		1122D22A228EE26500CE2D84 /* ExpensesViewController.swift */ = {isa = PBXFileReference; lastKnownFileType = sourcecode.swift; path = ExpensesViewController.swift; sourceTree = "<group>"; };
		1122D22C228EE26F00CE2D84 /* IncomeViewController.swift */ = {isa = PBXFileReference; lastKnownFileType = sourcecode.swift; path = IncomeViewController.swift; sourceTree = "<group>"; };
		1122D22E228EE28300CE2D84 /* ProfitViewController.swift */ = {isa = PBXFileReference; lastKnownFileType = sourcecode.swift; path = ProfitViewController.swift; sourceTree = "<group>"; };
		1122D230228EE29E00CE2D84 /* AddItemViewController.swift */ = {isa = PBXFileReference; lastKnownFileType = sourcecode.swift; path = AddItemViewController.swift; sourceTree = "<group>"; };
		1122D232228EE2AA00CE2D84 /* AddEmployeeViewController.swift */ = {isa = PBXFileReference; lastKnownFileType = sourcecode.swift; path = AddEmployeeViewController.swift; sourceTree = "<group>"; };
		1122D236228EEFD000CE2D84 /* Item.swift */ = {isa = PBXFileReference; lastKnownFileType = sourcecode.swift; path = Item.swift; sourceTree = "<group>"; };
		1122D238228EF00400CE2D84 /* ItemType.swift */ = {isa = PBXFileReference; lastKnownFileType = sourcecode.swift; path = ItemType.swift; sourceTree = "<group>"; };
		1122D23A228EF4F500CE2D84 /* ColorType.swift */ = {isa = PBXFileReference; lastKnownFileType = sourcecode.swift; path = ColorType.swift; sourceTree = "<group>"; };
		1122D23C228EF84800CE2D84 /* Employee.swift */ = {isa = PBXFileReference; lastKnownFileType = sourcecode.swift; path = Employee.swift; sourceTree = "<group>"; };
		1122D23E228EF8C900CE2D84 /* ExperienceType.swift */ = {isa = PBXFileReference; lastKnownFileType = sourcecode.swift; path = ExperienceType.swift; sourceTree = "<group>"; };
		11921FB9228D8346005503F6 /* CarSew.app */ = {isa = PBXFileReference; explicitFileType = wrapper.application; includeInIndex = 0; path = CarSew.app; sourceTree = BUILT_PRODUCTS_DIR; };
		11921FBC228D8346005503F6 /* AppDelegate.swift */ = {isa = PBXFileReference; lastKnownFileType = sourcecode.swift; path = AppDelegate.swift; sourceTree = "<group>"; };
		11921FC3228D8346005503F6 /* Base */ = {isa = PBXFileReference; lastKnownFileType = file.storyboard; name = Base; path = Base.lproj/Main.storyboard; sourceTree = "<group>"; };
		11921FC5228D8349005503F6 /* Assets.xcassets */ = {isa = PBXFileReference; lastKnownFileType = folder.assetcatalog; path = Assets.xcassets; sourceTree = "<group>"; };
		11921FC8228D8349005503F6 /* Base */ = {isa = PBXFileReference; lastKnownFileType = file.storyboard; name = Base; path = Base.lproj/LaunchScreen.storyboard; sourceTree = "<group>"; };
		11921FCA228D8349005503F6 /* Info.plist */ = {isa = PBXFileReference; lastKnownFileType = text.plist.xml; path = Info.plist; sourceTree = "<group>"; };
		11C43E4F22943B990041553E /* Extensions.swift */ = {isa = PBXFileReference; lastKnownFileType = sourcecode.swift; path = Extensions.swift; sourceTree = "<group>"; };
		11C43E652296C4E20041553E /* AccountingViewController.swift */ = {isa = PBXFileReference; lastKnownFileType = sourcecode.swift; path = AccountingViewController.swift; sourceTree = "<group>"; };
/* End PBXFileReference section */

/* Begin PBXFrameworksBuildPhase section */
		11921FB6228D8346005503F6 /* Frameworks */ = {
			isa = PBXFrameworksBuildPhase;
			buildActionMask = 2147483647;
			files = (
			);
			runOnlyForDeploymentPostprocessing = 0;
		};
/* End PBXFrameworksBuildPhase section */

/* Begin PBXGroup section */
		111EBCF32293457600FBB925 /* Accounting */ = {
			isa = PBXGroup;
			children = (
				111EBCF42293459200FBB925 /* Accounting.swift */,
			);
			path = Accounting;
			sourceTree = "<group>";
		};
		1122D21A228EE17B00CE2D84 /* Storyboards */ = {
			isa = PBXGroup;
			children = (
				11921FC2228D8346005503F6 /* Main.storyboard */,
			);
			path = Storyboards;
			sourceTree = "<group>";
		};
		1122D21B228EE19900CE2D84 /* Models */ = {
			isa = PBXGroup;
			children = (
				111EBCF1229319EF00FBB925 /* SuccessType.swift */,
				1122D234228EE30700CE2D84 /* Items */,
				1122D235228EE31300CE2D84 /* Employees */,
				111EBCF32293457600FBB925 /* Accounting */,
			);
			path = Models;
			sourceTree = "<group>";
		};
		1122D21C228EE1AB00CE2D84 /* Controllers */ = {
			isa = PBXGroup;
			children = (
				1122D21D228EE1CA00CE2D84 /* Items */,
				1122D21E228EE1D200CE2D84 /* Employees */,
				11C43E642296C4C30041553E /* Accounting */,
				1122D21F228EE1DB00CE2D84 /* Expenses */,
				1122D220228EE1E400CE2D84 /* Income */,
				1122D221228EE1ED00CE2D84 /* Profit */,
			);
			path = Controllers;
			sourceTree = "<group>";
		};
		1122D21D228EE1CA00CE2D84 /* Items */ = {
			isa = PBXGroup;
			children = (
				1122D222228EE22900CE2D84 /* ItemsViewController.swift */,
				1122D224228EE23900CE2D84 /* ItemDetailsViewController.swift */,
				1122D230228EE29E00CE2D84 /* AddItemViewController.swift */,
			);
			path = Items;
			sourceTree = "<group>";
		};
		1122D21E228EE1D200CE2D84 /* Employees */ = {
			isa = PBXGroup;
			children = (
				1122D226228EE24B00CE2D84 /* EmployeesViewController.swift */,
				1122D228228EE25900CE2D84 /* EmployeeDetailsViewController.swift */,
				1122D232228EE2AA00CE2D84 /* AddEmployeeViewController.swift */,
			);
			path = Employees;
			sourceTree = "<group>";
		};
		1122D21F228EE1DB00CE2D84 /* Expenses */ = {
			isa = PBXGroup;
			children = (
				1122D22A228EE26500CE2D84 /* ExpensesViewController.swift */,
			);
			path = Expenses;
			sourceTree = "<group>";
		};
		1122D220228EE1E400CE2D84 /* Income */ = {
			isa = PBXGroup;
			children = (
				1122D22C228EE26F00CE2D84 /* IncomeViewController.swift */,
			);
			path = Income;
			sourceTree = "<group>";
		};
		1122D221228EE1ED00CE2D84 /* Profit */ = {
			isa = PBXGroup;
			children = (
				1122D22E228EE28300CE2D84 /* ProfitViewController.swift */,
			);
			path = Profit;
			sourceTree = "<group>";
		};
		1122D234228EE30700CE2D84 /* Items */ = {
			isa = PBXGroup;
			children = (
				1122D236228EEFD000CE2D84 /* Item.swift */,
				1122D238228EF00400CE2D84 /* ItemType.swift */,
				1122D23A228EF4F500CE2D84 /* ColorType.swift */,
			);
			path = Items;
			sourceTree = "<group>";
		};
		1122D235228EE31300CE2D84 /* Employees */ = {
			isa = PBXGroup;
			children = (
				1122D23C228EF84800CE2D84 /* Employee.swift */,
				1122D23E228EF8C900CE2D84 /* ExperienceType.swift */,
			);
			path = Employees;
			sourceTree = "<group>";
		};
		11921FB0228D8346005503F6 = {
			isa = PBXGroup;
			children = (
				11921FBB228D8346005503F6 /* CarSew */,
				11921FBA228D8346005503F6 /* Products */,
			);
			sourceTree = "<group>";
		};
		11921FBA228D8346005503F6 /* Products */ = {
			isa = PBXGroup;
			children = (
				11921FB9228D8346005503F6 /* CarSew.app */,
			);
			name = Products;
			sourceTree = "<group>";
		};
		11921FBB228D8346005503F6 /* CarSew */ = {
			isa = PBXGroup;
			children = (
				11921FBC228D8346005503F6 /* AppDelegate.swift */,
				11C43E4F22943B990041553E /* Extensions.swift */,
				111EBCEF2292FED500FBB925 /* NetworkManager.swift */,
				1122D21B228EE19900CE2D84 /* Models */,
				1122D21C228EE1AB00CE2D84 /* Controllers */,
				1122D21A228EE17B00CE2D84 /* Storyboards */,
				11921FD0228D83AF005503F6 /* Supporting Files */,
			);
			path = CarSew;
			sourceTree = "<group>";
		};
		11921FD0228D83AF005503F6 /* Supporting Files */ = {
			isa = PBXGroup;
			children = (
				11921FC5228D8349005503F6 /* Assets.xcassets */,
				11921FC7228D8349005503F6 /* LaunchScreen.storyboard */,
				11921FCA228D8349005503F6 /* Info.plist */,
			);
			path = "Supporting Files";
			sourceTree = "<group>";
		};
		11C43E642296C4C30041553E /* Accounting */ = {
			isa = PBXGroup;
			children = (
				11C43E652296C4E20041553E /* AccountingViewController.swift */,
			);
			path = Accounting;
			sourceTree = "<group>";
		};
/* End PBXGroup section */

/* Begin PBXNativeTarget section */
		11921FB8228D8346005503F6 /* CarSew */ = {
			isa = PBXNativeTarget;
			buildConfigurationList = 11921FCD228D8349005503F6 /* Build configuration list for PBXNativeTarget "CarSew" */;
			buildPhases = (
				11921FB5228D8346005503F6 /* Sources */,
				11921FB6228D8346005503F6 /* Frameworks */,
				11921FB7228D8346005503F6 /* Resources */,
			);
			buildRules = (
			);
			dependencies = (
			);
			name = CarSew;
			productName = CarSew;
			productReference = 11921FB9228D8346005503F6 /* CarSew.app */;
			productType = "com.apple.product-type.application";
		};
/* End PBXNativeTarget section */

/* Begin PBXProject section */
		11921FB1228D8346005503F6 /* Project object */ = {
			isa = PBXProject;
			attributes = {
				LastSwiftUpdateCheck = 1020;
				LastUpgradeCheck = 1020;
				ORGANIZATIONNAME = "Alexander Karaatanasov";
				TargetAttributes = {
					11921FB8228D8346005503F6 = {
						CreatedOnToolsVersion = 10.2.1;
					};
				};
			};
			buildConfigurationList = 11921FB4228D8346005503F6 /* Build configuration list for PBXProject "CarSew" */;
			compatibilityVersion = "Xcode 9.3";
			developmentRegion = en;
			hasScannedForEncodings = 0;
			knownRegions = (
				en,
				Base,
			);
			mainGroup = 11921FB0228D8346005503F6;
			productRefGroup = 11921FBA228D8346005503F6 /* Products */;
			projectDirPath = "";
			projectRoot = "";
			targets = (
				11921FB8228D8346005503F6 /* CarSew */,
			);
		};
/* End PBXProject section */

/* Begin PBXResourcesBuildPhase section */
		11921FB7228D8346005503F6 /* Resources */ = {
			isa = PBXResourcesBuildPhase;
			buildActionMask = 2147483647;
			files = (
				11921FC9228D8349005503F6 /* LaunchScreen.storyboard in Resources */,
				11921FC6228D8349005503F6 /* Assets.xcassets in Resources */,
				11921FC4228D8346005503F6 /* Main.storyboard in Resources */,
			);
			runOnlyForDeploymentPostprocessing = 0;
		};
/* End PBXResourcesBuildPhase section */

/* Begin PBXSourcesBuildPhase section */
		11921FB5228D8346005503F6 /* Sources */ = {
			isa = PBXSourcesBuildPhase;
			buildActionMask = 2147483647;
			files = (
				1122D22F228EE28300CE2D84 /* ProfitViewController.swift in Sources */,
				11921FBD228D8346005503F6 /* AppDelegate.swift in Sources */,
				1122D23F228EF8C900CE2D84 /* ExperienceType.swift in Sources */,
				11C43E662296C4E20041553E /* AccountingViewController.swift in Sources */,
				11C43E5022943B990041553E /* Extensions.swift in Sources */,
				1122D239228EF00400CE2D84 /* ItemType.swift in Sources */,
				111EBCF02292FED500FBB925 /* NetworkManager.swift in Sources */,
				1122D23D228EF84800CE2D84 /* Employee.swift in Sources */,
				111EBCF52293459200FBB925 /* Accounting.swift in Sources */,
				1122D223228EE22900CE2D84 /* ItemsViewController.swift in Sources */,
				1122D23B228EF4F500CE2D84 /* ColorType.swift in Sources */,
				1122D229228EE25900CE2D84 /* EmployeeDetailsViewController.swift in Sources */,
				1122D233228EE2AA00CE2D84 /* AddEmployeeViewController.swift in Sources */,
				1122D227228EE24B00CE2D84 /* EmployeesViewController.swift in Sources */,
				111EBCF2229319EF00FBB925 /* SuccessType.swift in Sources */,
				1122D237228EEFD000CE2D84 /* Item.swift in Sources */,
				1122D231228EE29E00CE2D84 /* AddItemViewController.swift in Sources */,
				1122D22D228EE26F00CE2D84 /* IncomeViewController.swift in Sources */,
				1122D225228EE23900CE2D84 /* ItemDetailsViewController.swift in Sources */,
				1122D22B228EE26500CE2D84 /* ExpensesViewController.swift in Sources */,
			);
			runOnlyForDeploymentPostprocessing = 0;
		};
/* End PBXSourcesBuildPhase section */

/* Begin PBXVariantGroup section */
		11921FC2228D8346005503F6 /* Main.storyboard */ = {
			isa = PBXVariantGroup;
			children = (
				11921FC3228D8346005503F6 /* Base */,
			);
			name = Main.storyboard;
			sourceTree = "<group>";
		};
		11921FC7228D8349005503F6 /* LaunchScreen.storyboard */ = {
			isa = PBXVariantGroup;
			children = (
				11921FC8228D8349005503F6 /* Base */,
			);
			name = LaunchScreen.storyboard;
			sourceTree = "<group>";
		};
/* End PBXVariantGroup section */

/* Begin XCBuildConfiguration section */
		11921FCB228D8349005503F6 /* Debug */ = {
			isa = XCBuildConfiguration;
			buildSettings = {
				ALWAYS_SEARCH_USER_PATHS = NO;
				CLANG_ANALYZER_NONNULL = YES;
				CLANG_ANALYZER_NUMBER_OBJECT_CONVERSION = YES_AGGRESSIVE;
				CLANG_CXX_LANGUAGE_STANDARD = "gnu++14";
				CLANG_CXX_LIBRARY = "libc++";
				CLANG_ENABLE_MODULES = YES;
				CLANG_ENABLE_OBJC_ARC = YES;
				CLANG_ENABLE_OBJC_WEAK = YES;
				CLANG_WARN_BLOCK_CAPTURE_AUTORELEASING = YES;
				CLANG_WARN_BOOL_CONVERSION = YES;
				CLANG_WARN_COMMA = YES;
				CLANG_WARN_CONSTANT_CONVERSION = YES;
				CLANG_WARN_DEPRECATED_OBJC_IMPLEMENTATIONS = YES;
				CLANG_WARN_DIRECT_OBJC_ISA_USAGE = YES_ERROR;
				CLANG_WARN_DOCUMENTATION_COMMENTS = YES;
				CLANG_WARN_EMPTY_BODY = YES;
				CLANG_WARN_ENUM_CONVERSION = YES;
				CLANG_WARN_INFINITE_RECURSION = YES;
				CLANG_WARN_INT_CONVERSION = YES;
				CLANG_WARN_NON_LITERAL_NULL_CONVERSION = YES;
				CLANG_WARN_OBJC_IMPLICIT_RETAIN_SELF = YES;
				CLANG_WARN_OBJC_LITERAL_CONVERSION = YES;
				CLANG_WARN_OBJC_ROOT_CLASS = YES_ERROR;
				CLANG_WARN_RANGE_LOOP_ANALYSIS = YES;
				CLANG_WARN_STRICT_PROTOTYPES = YES;
				CLANG_WARN_SUSPICIOUS_MOVE = YES;
				CLANG_WARN_UNGUARDED_AVAILABILITY = YES_AGGRESSIVE;
				CLANG_WARN_UNREACHABLE_CODE = YES;
				CLANG_WARN__DUPLICATE_METHOD_MATCH = YES;
				CODE_SIGN_IDENTITY = "iPhone Developer";
				COPY_PHASE_STRIP = NO;
				DEBUG_INFORMATION_FORMAT = dwarf;
				ENABLE_STRICT_OBJC_MSGSEND = YES;
				ENABLE_TESTABILITY = YES;
				GCC_C_LANGUAGE_STANDARD = gnu11;
				GCC_DYNAMIC_NO_PIC = NO;
				GCC_NO_COMMON_BLOCKS = YES;
				GCC_OPTIMIZATION_LEVEL = 0;
				GCC_PREPROCESSOR_DEFINITIONS = (
					"DEBUG=1",
					"$(inherited)",
				);
				GCC_WARN_64_TO_32_BIT_CONVERSION = YES;
				GCC_WARN_ABOUT_RETURN_TYPE = YES_ERROR;
				GCC_WARN_UNDECLARED_SELECTOR = YES;
				GCC_WARN_UNINITIALIZED_AUTOS = YES_AGGRESSIVE;
				GCC_WARN_UNUSED_FUNCTION = YES;
				GCC_WARN_UNUSED_VARIABLE = YES;
				IPHONEOS_DEPLOYMENT_TARGET = 12.1;
				MTL_ENABLE_DEBUG_INFO = INCLUDE_SOURCE;
				MTL_FAST_MATH = YES;
				ONLY_ACTIVE_ARCH = YES;
				SDKROOT = iphoneos;
				SWIFT_ACTIVE_COMPILATION_CONDITIONS = DEBUG;
				SWIFT_OPTIMIZATION_LEVEL = "-Onone";
			};
			name = Debug;
		};
		11921FCC228D8349005503F6 /* Release */ = {
			isa = XCBuildConfiguration;
			buildSettings = {
				ALWAYS_SEARCH_USER_PATHS = NO;
				CLANG_ANALYZER_NONNULL = YES;
				CLANG_ANALYZER_NUMBER_OBJECT_CONVERSION = YES_AGGRESSIVE;
				CLANG_CXX_LANGUAGE_STANDARD = "gnu++14";
				CLANG_CXX_LIBRARY = "libc++";
				CLANG_ENABLE_MODULES = YES;
				CLANG_ENABLE_OBJC_ARC = YES;
				CLANG_ENABLE_OBJC_WEAK = YES;
				CLANG_WARN_BLOCK_CAPTURE_AUTORELEASING = YES;
				CLANG_WARN_BOOL_CONVERSION = YES;
				CLANG_WARN_COMMA = YES;
				CLANG_WARN_CONSTANT_CONVERSION = YES;
				CLANG_WARN_DEPRECATED_OBJC_IMPLEMENTATIONS = YES;
				CLANG_WARN_DIRECT_OBJC_ISA_USAGE = YES_ERROR;
				CLANG_WARN_DOCUMENTATION_COMMENTS = YES;
				CLANG_WARN_EMPTY_BODY = YES;
				CLANG_WARN_ENUM_CONVERSION = YES;
				CLANG_WARN_INFINITE_RECURSION = YES;
				CLANG_WARN_INT_CONVERSION = YES;
				CLANG_WARN_NON_LITERAL_NULL_CONVERSION = YES;
				CLANG_WARN_OBJC_IMPLICIT_RETAIN_SELF = YES;
				CLANG_WARN_OBJC_LITERAL_CONVERSION = YES;
				CLANG_WARN_OBJC_ROOT_CLASS = YES_ERROR;
				CLANG_WARN_RANGE_LOOP_ANALYSIS = YES;
				CLANG_WARN_STRICT_PROTOTYPES = YES;
				CLANG_WARN_SUSPICIOUS_MOVE = YES;
				CLANG_WARN_UNGUARDED_AVAILABILITY = YES_AGGRESSIVE;
				CLANG_WARN_UNREACHABLE_CODE = YES;
				CLANG_WARN__DUPLICATE_METHOD_MATCH = YES;
				CODE_SIGN_IDENTITY = "iPhone Developer";
				COPY_PHASE_STRIP = NO;
				DEBUG_INFORMATION_FORMAT = "dwarf-with-dsym";
				ENABLE_NS_ASSERTIONS = NO;
				ENABLE_STRICT_OBJC_MSGSEND = YES;
				GCC_C_LANGUAGE_STANDARD = gnu11;
				GCC_NO_COMMON_BLOCKS = YES;
				GCC_WARN_64_TO_32_BIT_CONVERSION = YES;
				GCC_WARN_ABOUT_RETURN_TYPE = YES_ERROR;
				GCC_WARN_UNDECLARED_SELECTOR = YES;
				GCC_WARN_UNINITIALIZED_AUTOS = YES_AGGRESSIVE;
				GCC_WARN_UNUSED_FUNCTION = YES;
				GCC_WARN_UNUSED_VARIABLE = YES;
				IPHONEOS_DEPLOYMENT_TARGET = 12.1;
				MTL_ENABLE_DEBUG_INFO = NO;
				MTL_FAST_MATH = YES;
				SDKROOT = iphoneos;
				SWIFT_COMPILATION_MODE = wholemodule;
				SWIFT_OPTIMIZATION_LEVEL = "-O";
				VALIDATE_PRODUCT = YES;
			};
			name = Release;
		};
		11921FCE228D8349005503F6 /* Debug */ = {
			isa = XCBuildConfiguration;
			buildSettings = {
				ASSETCATALOG_COMPILER_APPICON_NAME = AppIcon;
				CODE_SIGN_STYLE = Automatic;
				DEVELOPMENT_TEAM = X4FQH6N5F7;
				INFOPLIST_FILE = "$(SRCROOT)/CarSew/Supporting Files/Info.plist";
				LD_RUNPATH_SEARCH_PATHS = (
					"$(inherited)",
					"@executable_path/Frameworks",
				);
				PRODUCT_BUNDLE_IDENTIFIER = com.nbu.CarSew;
				PRODUCT_NAME = "$(TARGET_NAME)";
				SWIFT_VERSION = 5.0;
				TARGETED_DEVICE_FAMILY = "1,2";
			};
			name = Debug;
		};
		11921FCF228D8349005503F6 /* Release */ = {
			isa = XCBuildConfiguration;
			buildSettings = {
				ASSETCATALOG_COMPILER_APPICON_NAME = AppIcon;
				CODE_SIGN_STYLE = Automatic;
				DEVELOPMENT_TEAM = X4FQH6N5F7;
				INFOPLIST_FILE = "$(SRCROOT)/CarSew/Supporting Files/Info.plist";
				LD_RUNPATH_SEARCH_PATHS = (
					"$(inherited)",
					"@executable_path/Frameworks",
				);
				PRODUCT_BUNDLE_IDENTIFIER = com.nbu.CarSew;
				PRODUCT_NAME = "$(TARGET_NAME)";
				SWIFT_VERSION = 5.0;
				TARGETED_DEVICE_FAMILY = "1,2";
			};
			name = Release;
		};
/* End XCBuildConfiguration section */

/* Begin XCConfigurationList section */
		11921FB4228D8346005503F6 /* Build configuration list for PBXProject "CarSew" */ = {
			isa = XCConfigurationList;
			buildConfigurations = (
				11921FCB228D8349005503F6 /* Debug */,
				11921FCC228D8349005503F6 /* Release */,
			);
			defaultConfigurationIsVisible = 0;
			defaultConfigurationName = Release;
		};
		11921FCD228D8349005503F6 /* Build configuration list for PBXNativeTarget "CarSew" */ = {
			isa = XCConfigurationList;
			buildConfigurations = (
				11921FCE228D8349005503F6 /* Debug */,
				11921FCF228D8349005503F6 /* Release */,
			);
			defaultConfigurationIsVisible = 0;
			defaultConfigurationName = Release;
		};
/* End XCConfigurationList section */
	};
	rootObject = 11921FB1228D8346005503F6 /* Project object */;
}
